
Microsoft Visual Studio Solution File, Format Version 12.00
Project("{FAE04EC0-301F-11D3-BF4B-00C04F79EFBC}") = "CarRental", "CarRental\CarRental.csproj", "{B9F311C5-DA17-454D-A7B0-75AA86CE3F8F}"
EndProject
Global
	GlobalSection(SolutionConfigurationPlatforms) = preSolution
		Debug|Any CPU = Debug|Any CPU
		Release|Any CPU = Release|Any CPU
	EndGlobalSection
	GlobalSection(ProjectConfigurationPlatforms) = postSolution
		{B9F311C5-DA17-454D-A7B0-75AA86CE3F8F}.Debug|Any CPU.ActiveCfg = Debug|Any CPU
		{B9F311C5-DA17-454D-A7B0-75AA86CE3F8F}.Debug|Any CPU.Build.0 = Debug|Any CPU
		{B9F311C5-DA17-454D-A7B0-75AA86CE3F8F}.Release|Any CPU.ActiveCfg = Release|Any CPU
		{B9F311C5-DA17-454D-A7B0-75AA86CE3F8F}.Release|Any CPU.Build.0 = Release|Any CPU
	EndGlobalSection
EndGlobal
